
Microsoft Visual Studio Solution File, Format Version 12.00
# Visual Studio Version 17
VisualStudioVersion = 17.1.32210.238
MinimumVisualStudioVersion = 10.0.40219.1
Project("{FAE04EC0-301F-11D3-BF4B-00C04F79EFBC}") = "IDE", "IDE\IDE.csproj", "{4BCE4442-CCE5-462D-BB9D-A2903C0AD3F6}"
EndProject
Global
	GlobalSection(SolutionConfigurationPlatforms) = preSolution
		Debug|Any CPU = Debug|Any CPU
		Release|Any CPU = Release|Any CPU
	EndGlobalSection
	GlobalSection(ProjectConfigurationPlatforms) = postSolution
		{4BCE4442-CCE5-462D-BB9D-A2903C0AD3F6}.Debug|Any CPU.ActiveCfg = Debug|Any CPU
		{4BCE4442-CCE5-462D-BB9D-A2903C0AD3F6}.Debug|Any CPU.Build.0 = Debug|Any CPU
		{4BCE4442-CCE5-462D-BB9D-A2903C0AD3F6}.Release|Any CPU.ActiveCfg = Release|Any CPU
		{4BCE4442-CCE5-462D-BB9D-A2903C0AD3F6}.Release|Any CPU.Build.0 = Release|Any CPU
	EndGlobalSection
	GlobalSection(SolutionProperties) = preSolution
		HideSolutionNode = FALSE
	EndGlobalSection
	GlobalSection(ExtensibilityGlobals) = postSolution
		SolutionGuid = {3B961BB3-ED58-4F9F-BD19-2BF857F74DDD}
	EndGlobalSection
EndGlobal
